{
  "version": 4,
  "terraform_version": "1.8.2",
  "serial": 1,
  "lineage": "30ce121b-c9bd-7c3e-9a5d-b97adf6ca5ea",
  "outputs": {},
  "resources": [
    {
      "mode": "managed",
      "type": "local_file",
      "name": "custom_file",
      "provider": "provider[\"registry.terraform.io/hashicorp/local\"]",
      "instances": [
        {
          "schema_version": 0,
          "attributes": {
            "content": "print(\"Hello world\")",
            "content_base64": null,
            "content_base64sha256": "wngd/+DLS/IvViqC70g36o+zJS8QKp9OohJZ5/zwT8k=",
            "content_base64sha512": "Me2bnYGd5q56TWfVwFLH/DvNC9tYr6Mw6Cwn65MVJfdyhYQvCXAfRXndRcnfBfWf1IRyuzWot9+mucfAwk0fvg==",
            "content_md5": "b192a86de2441509f21be044bb0a76e8",
            "content_sha1": "ec6734caeb5f81743f14624e194382f268435263",
            "content_sha256": "c2781dffe0cb4bf22f562a82ef4837ea8fb3252f102a9f4ea21259e7fcf04fc9",
            "content_sha512": "31ed9b9d819de6ae7a4d67d5c052c7fc3bcd0bdb58afa330e82c27eb931525f77285842f09701f4579dd45c9df05f59fd48472bb35a8b7dfa6b9c7c0c24d1fbe",
            "directory_permission": "0777",
            "file_permission": "0777",
            "filename": "./hello.py",
            "id": "ec6734caeb5f81743f14624e194382f268435263",
            "sensitive_content": null,
            "source": null
          },
          "sensitive_attributes": [
            [
              {
                "type": "get_attr",
                "value": "sensitive_content"
              }
            ]
          ]
        }
      ]
    }
  ],
  "check_results": null
}
